
Microsoft Visual Studio Solution File, Format Version 12.00
# Visual Studio 15
VisualStudioVersion = 15.0.27130.2026
MinimumVisualStudioVersion = 10.0.40219.1
Project("{A07B5EB6-E848-4116-A8D0-A826331D98C6}") = "Exchange", "Exchange\Exchange.sfproj", "{455CC41D-2FA1-445D-ADF0-924C4AA907A5}"
EndProject
Project("{9A19103F-16F7-4668-BE54-9A1E7A4F7556}") = "OrderBook", "OrderBook\OrderBook.csproj", "{C0B7C7A4-A38C-4133-902F-F213A775DFD6}"
EndProject
Project("{9A19103F-16F7-4668-BE54-9A1E7A4F7556}") = "Common", "Common\Common.csproj", "{451F270C-4BCB-47EF-A5CB-4776CB5A1A52}"
EndProject
Project("{9A19103F-16F7-4668-BE54-9A1E7A4F7556}") = "Fulfillment", "Fulfillment\Fulfillment.csproj", "{48D002C9-5961-4D87-A600-16F4260969E7}"
EndProject
Project("{9A19103F-16F7-4668-BE54-9A1E7A4F7556}") = "Fulfillment.Tests", "Fulfillment.Tests\Fulfillment.Tests.csproj", "{AD27D37E-716C-4937-AED1-F601A9720DDA}"
EndProject
Project("{9A19103F-16F7-4668-BE54-9A1E7A4F7556}") = "OrderBook.Tests", "OrderBook.Tests\OrderBook.Tests.csproj", "{01DE56BA-B457-4651-8E5C-1419F2726880}"
EndProject
Project("{2150E333-8FDC-42A3-9474-1A3956D46DE8}") = "Solution Items", "Solution Items", "{1663AAED-B8F8-44A9-99FC-DC22F2790BBC}"
	ProjectSection(SolutionItems) = preProject
		.gitignore = .gitignore
		README.md = README.md
	EndProjectSection
EndProject
Project("{9A19103F-16F7-4668-BE54-9A1E7A4F7556}") = "UserStore", "UserStore\UserStore.csproj", "{1F5CCFC0-4A21-4A5F-A13C-CF44E8EF92C7}"
EndProject
Project("{9A19103F-16F7-4668-BE54-9A1E7A4F7556}") = "UserStore.Interface", "UserStore.Interface\UserStore.Interface.csproj", "{A77A37A8-7E98-4461-A204-2323C3571463}"
EndProject
Project("{9A19103F-16F7-4668-BE54-9A1E7A4F7556}") = "UserStore.Tests", "UserStore.Tests\UserStore.Tests.csproj", "{FBA3C5F3-6156-4FD0-8139-1DD3118EDF5A}"
EndProject
Project("{9A19103F-16F7-4668-BE54-9A1E7A4F7556}") = "Logger", "Logger\Logger.csproj", "{4516859C-EAB2-4F76-BCC0-8A39D6D71389}"
EndProject
Project("{9A19103F-16F7-4668-BE54-9A1E7A4F7556}") = "Chaos", "Chaos\Chaos.csproj", "{C08CBC91-DB83-4960-9F6D-60A67AB9C6D6}"
EndProject
Project("{9A19103F-16F7-4668-BE54-9A1E7A4F7556}") = "Gateway", "Gateway\Gateway.csproj", "{67209A88-8129-4FF3-9B2F-C7FB9645CFB5}"
	ProjectSection(ProjectDependencies) = postProject
		{451F270C-4BCB-47EF-A5CB-4776CB5A1A52} = {451F270C-4BCB-47EF-A5CB-4776CB5A1A52}
	EndProjectSection
EndProject
Project("{2150E333-8FDC-42A3-9474-1A3956D46DE8}") = "Scripts", "Scripts", "{21396D5F-851F-45EE-87B3-3C5F42D0091D}"
	ProjectSection(SolutionItems) = preProject
		Scripts\create-orders-parallel.ps1 = Scripts\create-orders-parallel.ps1
		Scripts\create-orders.ps1 = Scripts\create-orders.ps1
		Scripts\LoadTestDefinition.json = Scripts\LoadTestDefinition.json
	EndProjectSection
EndProject
Project("{2150E333-8FDC-42A3-9474-1A3956D46DE8}") = "fixtures", "fixtures", "{189BC54B-CCD7-4569-89B8-F6A49BB7D251}"
	ProjectSection(SolutionItems) = preProject
		Scripts\fixtures\order.0.json = Scripts\fixtures\order.0.json
		Scripts\fixtures\order.1.json = Scripts\fixtures\order.1.json
		Scripts\fixtures\order.2.json = Scripts\fixtures\order.2.json
		Scripts\fixtures\order.3.json = Scripts\fixtures\order.3.json
		Scripts\fixtures\order.4.json = Scripts\fixtures\order.4.json
		Scripts\fixtures\order.5.json = Scripts\fixtures\order.5.json
		Scripts\fixtures\user1.json = Scripts\fixtures\user1.json
		Scripts\fixtures\user2.json = Scripts\fixtures\user2.json
	EndProjectSection
EndProject
Global
	GlobalSection(SolutionConfigurationPlatforms) = preSolution
		Debug|Any CPU = Debug|Any CPU
		Debug|x64 = Debug|x64
		Release|Any CPU = Release|Any CPU
		Release|x64 = Release|x64
	EndGlobalSection
	GlobalSection(ProjectConfigurationPlatforms) = postSolution
		{455CC41D-2FA1-445D-ADF0-924C4AA907A5}.Debug|Any CPU.ActiveCfg = Debug|x64
		{455CC41D-2FA1-445D-ADF0-924C4AA907A5}.Debug|x64.ActiveCfg = Debug|x64
		{455CC41D-2FA1-445D-ADF0-924C4AA907A5}.Debug|x64.Build.0 = Debug|x64
		{455CC41D-2FA1-445D-ADF0-924C4AA907A5}.Debug|x64.Deploy.0 = Debug|x64
		{455CC41D-2FA1-445D-ADF0-924C4AA907A5}.Release|Any CPU.ActiveCfg = Release|x64
		{455CC41D-2FA1-445D-ADF0-924C4AA907A5}.Release|x64.ActiveCfg = Release|x64
		{455CC41D-2FA1-445D-ADF0-924C4AA907A5}.Release|x64.Build.0 = Release|x64
		{455CC41D-2FA1-445D-ADF0-924C4AA907A5}.Release|x64.Deploy.0 = Release|x64
		{C0B7C7A4-A38C-4133-902F-F213A775DFD6}.Debug|Any CPU.ActiveCfg = Debug|x64
		{C0B7C7A4-A38C-4133-902F-F213A775DFD6}.Debug|x64.ActiveCfg = Debug|x64
		{C0B7C7A4-A38C-4133-902F-F213A775DFD6}.Debug|x64.Build.0 = Debug|x64
		{C0B7C7A4-A38C-4133-902F-F213A775DFD6}.Release|Any CPU.ActiveCfg = Release|x64
		{C0B7C7A4-A38C-4133-902F-F213A775DFD6}.Release|x64.ActiveCfg = Release|x64
		{C0B7C7A4-A38C-4133-902F-F213A775DFD6}.Release|x64.Build.0 = Release|x64
		{451F270C-4BCB-47EF-A5CB-4776CB5A1A52}.Debug|Any CPU.ActiveCfg = Debug|x64
		{451F270C-4BCB-47EF-A5CB-4776CB5A1A52}.Debug|x64.ActiveCfg = Debug|x64
		{451F270C-4BCB-47EF-A5CB-4776CB5A1A52}.Debug|x64.Build.0 = Debug|x64
		{451F270C-4BCB-47EF-A5CB-4776CB5A1A52}.Release|Any CPU.ActiveCfg = Release|x64
		{451F270C-4BCB-47EF-A5CB-4776CB5A1A52}.Release|x64.ActiveCfg = Release|x64
		{451F270C-4BCB-47EF-A5CB-4776CB5A1A52}.Release|x64.Build.0 = Release|x64
		{48D002C9-5961-4D87-A600-16F4260969E7}.Debug|Any CPU.ActiveCfg = Debug|x64
		{48D002C9-5961-4D87-A600-16F4260969E7}.Debug|x64.ActiveCfg = Debug|x64
		{48D002C9-5961-4D87-A600-16F4260969E7}.Debug|x64.Build.0 = Debug|x64
		{48D002C9-5961-4D87-A600-16F4260969E7}.Release|Any CPU.ActiveCfg = Release|x64
		{48D002C9-5961-4D87-A600-16F4260969E7}.Release|x64.ActiveCfg = Release|x64
		{48D002C9-5961-4D87-A600-16F4260969E7}.Release|x64.Build.0 = Release|x64
		{AD27D37E-716C-4937-AED1-F601A9720DDA}.Debug|Any CPU.ActiveCfg = Debug|x64
		{AD27D37E-716C-4937-AED1-F601A9720DDA}.Debug|x64.ActiveCfg = Debug|x64
		{AD27D37E-716C-4937-AED1-F601A9720DDA}.Debug|x64.Build.0 = Debug|x64
		{AD27D37E-716C-4937-AED1-F601A9720DDA}.Release|Any CPU.ActiveCfg = Release|x64
		{AD27D37E-716C-4937-AED1-F601A9720DDA}.Release|x64.ActiveCfg = Release|x64
		{AD27D37E-716C-4937-AED1-F601A9720DDA}.Release|x64.Build.0 = Release|x64
		{01DE56BA-B457-4651-8E5C-1419F2726880}.Debug|Any CPU.ActiveCfg = Debug|x64
		{01DE56BA-B457-4651-8E5C-1419F2726880}.Debug|x64.ActiveCfg = Debug|x64
		{01DE56BA-B457-4651-8E5C-1419F2726880}.Debug|x64.Build.0 = Debug|x64
		{01DE56BA-B457-4651-8E5C-1419F2726880}.Release|Any CPU.ActiveCfg = Release|x64
		{01DE56BA-B457-4651-8E5C-1419F2726880}.Release|x64.ActiveCfg = Release|x64
		{01DE56BA-B457-4651-8E5C-1419F2726880}.Release|x64.Build.0 = Release|x64
		{1F5CCFC0-4A21-4A5F-A13C-CF44E8EF92C7}.Debug|Any CPU.ActiveCfg = Debug|x64
		{1F5CCFC0-4A21-4A5F-A13C-CF44E8EF92C7}.Debug|x64.ActiveCfg = Debug|x64
		{1F5CCFC0-4A21-4A5F-A13C-CF44E8EF92C7}.Debug|x64.Build.0 = Debug|x64
		{1F5CCFC0-4A21-4A5F-A13C-CF44E8EF92C7}.Release|Any CPU.ActiveCfg = Release|x64
		{1F5CCFC0-4A21-4A5F-A13C-CF44E8EF92C7}.Release|x64.ActiveCfg = Release|x64
		{1F5CCFC0-4A21-4A5F-A13C-CF44E8EF92C7}.Release|x64.Build.0 = Release|x64
		{A77A37A8-7E98-4461-A204-2323C3571463}.Debug|Any CPU.ActiveCfg = Debug|x64
		{A77A37A8-7E98-4461-A204-2323C3571463}.Debug|x64.ActiveCfg = Debug|x64
		{A77A37A8-7E98-4461-A204-2323C3571463}.Debug|x64.Build.0 = Debug|x64
		{A77A37A8-7E98-4461-A204-2323C3571463}.Release|Any CPU.ActiveCfg = Release|x64
		{A77A37A8-7E98-4461-A204-2323C3571463}.Release|x64.ActiveCfg = Release|x64
		{A77A37A8-7E98-4461-A204-2323C3571463}.Release|x64.Build.0 = Release|x64
		{FBA3C5F3-6156-4FD0-8139-1DD3118EDF5A}.Debug|Any CPU.ActiveCfg = Debug|x64
		{FBA3C5F3-6156-4FD0-8139-1DD3118EDF5A}.Debug|x64.ActiveCfg = Debug|x64
		{FBA3C5F3-6156-4FD0-8139-1DD3118EDF5A}.Debug|x64.Build.0 = Debug|x64
		{FBA3C5F3-6156-4FD0-8139-1DD3118EDF5A}.Release|Any CPU.ActiveCfg = Release|x64
		{FBA3C5F3-6156-4FD0-8139-1DD3118EDF5A}.Release|x64.ActiveCfg = Release|x64
		{FBA3C5F3-6156-4FD0-8139-1DD3118EDF5A}.Release|x64.Build.0 = Release|x64
		{4516859C-EAB2-4F76-BCC0-8A39D6D71389}.Debug|Any CPU.ActiveCfg = Debug|x64
		{4516859C-EAB2-4F76-BCC0-8A39D6D71389}.Debug|x64.ActiveCfg = Debug|x64
		{4516859C-EAB2-4F76-BCC0-8A39D6D71389}.Debug|x64.Build.0 = Debug|x64
		{4516859C-EAB2-4F76-BCC0-8A39D6D71389}.Release|Any CPU.ActiveCfg = Release|x64
		{4516859C-EAB2-4F76-BCC0-8A39D6D71389}.Release|x64.ActiveCfg = Release|x64
		{4516859C-EAB2-4F76-BCC0-8A39D6D71389}.Release|x64.Build.0 = Release|x64
		{C08CBC91-DB83-4960-9F6D-60A67AB9C6D6}.Debug|Any CPU.ActiveCfg = Debug|Any CPU
		{C08CBC91-DB83-4960-9F6D-60A67AB9C6D6}.Debug|Any CPU.Build.0 = Debug|Any CPU
		{C08CBC91-DB83-4960-9F6D-60A67AB9C6D6}.Debug|x64.ActiveCfg = Debug|x64
		{C08CBC91-DB83-4960-9F6D-60A67AB9C6D6}.Debug|x64.Build.0 = Debug|x64
		{C08CBC91-DB83-4960-9F6D-60A67AB9C6D6}.Release|Any CPU.ActiveCfg = Release|Any CPU
		{C08CBC91-DB83-4960-9F6D-60A67AB9C6D6}.Release|Any CPU.Build.0 = Release|Any CPU
		{C08CBC91-DB83-4960-9F6D-60A67AB9C6D6}.Release|x64.ActiveCfg = Release|x64
		{C08CBC91-DB83-4960-9F6D-60A67AB9C6D6}.Release|x64.Build.0 = Release|x64
		{67209A88-8129-4FF3-9B2F-C7FB9645CFB5}.Debug|Any CPU.ActiveCfg = Debug|x64
		{67209A88-8129-4FF3-9B2F-C7FB9645CFB5}.Debug|Any CPU.Build.0 = Debug|x64
		{67209A88-8129-4FF3-9B2F-C7FB9645CFB5}.Debug|x64.ActiveCfg = Debug|x64
		{67209A88-8129-4FF3-9B2F-C7FB9645CFB5}.Debug|x64.Build.0 = Debug|x64
		{67209A88-8129-4FF3-9B2F-C7FB9645CFB5}.Release|Any CPU.ActiveCfg = Release|x64
		{67209A88-8129-4FF3-9B2F-C7FB9645CFB5}.Release|x64.ActiveCfg = Release|x64
		{67209A88-8129-4FF3-9B2F-C7FB9645CFB5}.Release|x64.Build.0 = Release|x64
	EndGlobalSection
	GlobalSection(SolutionProperties) = preSolution
		HideSolutionNode = FALSE
	EndGlobalSection
	GlobalSection(NestedProjects) = preSolution
		{189BC54B-CCD7-4569-89B8-F6A49BB7D251} = {21396D5F-851F-45EE-87B3-3C5F42D0091D}
	EndGlobalSection
	GlobalSection(ExtensibilityGlobals) = postSolution
		SolutionGuid = {A12944CE-089A-4678-BA47-0D4A056A520F}
	EndGlobalSection
EndGlobal
